
Microsoft Visual Studio Solution File, Format Version 12.00
# Visual Studio Version 16
VisualStudioVersion = 16.0.32106.194
MinimumVisualStudioVersion = 10.0.40219.1
Project("{FAE04EC0-301F-11D3-BF4B-00C04F79EFBC}") = "Practical_08.Web", "Practical_08.Web\Practical_08.Web.csproj", "{9C0E22BF-2DE1-486A-B657-C54393352684}"
EndProject
Project("{FAE04EC0-301F-11D3-BF4B-00C04F79EFBC}") = "Practical_08.Test", "Practical_08.Test\Practical_08.Test.csproj", "{6128C1EC-6891-4B9E-8347-3FFCCF079B2F}"
EndProject
Global
	GlobalSection(SolutionConfigurationPlatforms) = preSolution
		Debug|Any CPU = Debug|Any CPU
		Release|Any CPU = Release|Any CPU
	EndGlobalSection
	GlobalSection(ProjectConfigurationPlatforms) = postSolution
		{9C0E22BF-2DE1-486A-B657-C54393352684}.Debug|Any CPU.ActiveCfg = Debug|Any CPU
		{9C0E22BF-2DE1-486A-B657-C54393352684}.Debug|Any CPU.Build.0 = Debug|Any CPU
		{9C0E22BF-2DE1-486A-B657-C54393352684}.Release|Any CPU.ActiveCfg = Release|Any CPU
		{9C0E22BF-2DE1-486A-B657-C54393352684}.Release|Any CPU.Build.0 = Release|Any CPU
		{6128C1EC-6891-4B9E-8347-3FFCCF079B2F}.Debug|Any CPU.ActiveCfg = Debug|Any CPU
		{6128C1EC-6891-4B9E-8347-3FFCCF079B2F}.Debug|Any CPU.Build.0 = Debug|Any CPU
		{6128C1EC-6891-4B9E-8347-3FFCCF079B2F}.Release|Any CPU.ActiveCfg = Release|Any CPU
		{6128C1EC-6891-4B9E-8347-3FFCCF079B2F}.Release|Any CPU.Build.0 = Release|Any CPU
	EndGlobalSection
	GlobalSection(SolutionProperties) = preSolution
		HideSolutionNode = FALSE
	EndGlobalSection
	GlobalSection(ExtensibilityGlobals) = postSolution
		SolutionGuid = {723922FD-7C0F-424B-A9E0-2DEBE55F043C}
	EndGlobalSection
EndGlobal
