
Microsoft Visual Studio Solution File, Format Version 12.00
# Visual Studio Version 16
VisualStudioVersion = 16.0.32106.194
MinimumVisualStudioVersion = 10.0.40219.1
Project("{FAE04EC0-301F-11D3-BF4B-00C04F79EFBC}") = "WindowsAuthentication", "WindowsAuthentication\WindowsAuthentication.csproj", "{735DEBF1-0C55-47B6-906C-0D8C6CDFF474}"
EndProject
Global
	GlobalSection(SolutionConfigurationPlatforms) = preSolution
		Debug|Any CPU = Debug|Any CPU
		Release|Any CPU = Release|Any CPU
	EndGlobalSection
	GlobalSection(ProjectConfigurationPlatforms) = postSolution
		{735DEBF1-0C55-47B6-906C-0D8C6CDFF474}.Debug|Any CPU.ActiveCfg = Debug|Any CPU
		{735DEBF1-0C55-47B6-906C-0D8C6CDFF474}.Debug|Any CPU.Build.0 = Debug|Any CPU
		{735DEBF1-0C55-47B6-906C-0D8C6CDFF474}.Release|Any CPU.ActiveCfg = Release|Any CPU
		{735DEBF1-0C55-47B6-906C-0D8C6CDFF474}.Release|Any CPU.Build.0 = Release|Any CPU
	EndGlobalSection
	GlobalSection(SolutionProperties) = preSolution
		HideSolutionNode = FALSE
	EndGlobalSection
	GlobalSection(ExtensibilityGlobals) = postSolution
		SolutionGuid = {51685912-CC79-4BD1-AC66-9928466FE44E}
	EndGlobalSection
EndGlobal
